
Microsoft Visual Studio Solution File, Format Version 12.00
# Visual Studio Version 16
VisualStudioVersion = 16.0.36631.11
MinimumVisualStudioVersion = 10.0.40219.1
Project("{8BC9CEB8-8B4A-11D0-8D11-00A0C91BC942}") = "TestingKernel", "TestingKernel\TestingKernel.vcxproj", "{C6BAFE6C-193F-4CF3-A348-7C4829629834}"
EndProject
Project("{8BC9CEB8-8B4A-11D0-8D11-00A0C91BC942}") = "TestingKernelUser", "TestingKernelUser\TestingKernelUser.vcxproj", "{C5B5C648-B543-45C6-9F31-F184BE5A7018}"
EndProject
Global
	GlobalSection(SolutionConfigurationPlatforms) = preSolution
		Debug|ARM = Debug|ARM
		Debug|ARM64 = Debug|ARM64
		Debug|x64 = Debug|x64
		Debug|x86 = Debug|x86
		Release|ARM = Release|ARM
		Release|ARM64 = Release|ARM64
		Release|x64 = Release|x64
		Release|x86 = Release|x86
	EndGlobalSection
	GlobalSection(ProjectConfigurationPlatforms) = postSolution
		{C6BAFE6C-193F-4CF3-A348-7C4829629834}.Debug|ARM.ActiveCfg = Debug|ARM
		{C6BAFE6C-193F-4CF3-A348-7C4829629834}.Debug|ARM.Build.0 = Debug|ARM
		{C6BAFE6C-193F-4CF3-A348-7C4829629834}.Debug|ARM.Deploy.0 = Debug|ARM
		{C6BAFE6C-193F-4CF3-A348-7C4829629834}.Debug|ARM64.ActiveCfg = Debug|ARM64
		{C6BAFE6C-193F-4CF3-A348-7C4829629834}.Debug|ARM64.Build.0 = Debug|ARM64
		{C6BAFE6C-193F-4CF3-A348-7C4829629834}.Debug|ARM64.Deploy.0 = Debug|ARM64
		{C6BAFE6C-193F-4CF3-A348-7C4829629834}.Debug|x64.ActiveCfg = Debug|x64
		{C6BAFE6C-193F-4CF3-A348-7C4829629834}.Debug|x64.Build.0 = Debug|x64
		{C6BAFE6C-193F-4CF3-A348-7C4829629834}.Debug|x64.Deploy.0 = Debug|x64
		{C6BAFE6C-193F-4CF3-A348-7C4829629834}.Debug|x86.ActiveCfg = Debug|Win32
		{C6BAFE6C-193F-4CF3-A348-7C4829629834}.Debug|x86.Build.0 = Debug|Win32
		{C6BAFE6C-193F-4CF3-A348-7C4829629834}.Debug|x86.Deploy.0 = Debug|Win32
		{C6BAFE6C-193F-4CF3-A348-7C4829629834}.Release|ARM.ActiveCfg = Release|ARM
		{C6BAFE6C-193F-4CF3-A348-7C4829629834}.Release|ARM.Build.0 = Release|ARM
		{C6BAFE6C-193F-4CF3-A348-7C4829629834}.Release|ARM.Deploy.0 = Release|ARM
		{C6BAFE6C-193F-4CF3-A348-7C4829629834}.Release|ARM64.ActiveCfg = Release|ARM64
		{C6BAFE6C-193F-4CF3-A348-7C4829629834}.Release|ARM64.Build.0 = Release|ARM64
		{C6BAFE6C-193F-4CF3-A348-7C4829629834}.Release|ARM64.Deploy.0 = Release|ARM64
		{C6BAFE6C-193F-4CF3-A348-7C4829629834}.Release|x64.ActiveCfg = Release|x64
		{C6BAFE6C-193F-4CF3-A348-7C4829629834}.Release|x64.Build.0 = Release|x64
		{C6BAFE6C-193F-4CF3-A348-7C4829629834}.Release|x64.Deploy.0 = Release|x64
		{C6BAFE6C-193F-4CF3-A348-7C4829629834}.Release|x86.ActiveCfg = Release|Win32
		{C6BAFE6C-193F-4CF3-A348-7C4829629834}.Release|x86.Build.0 = Release|Win32
		{C6BAFE6C-193F-4CF3-A348-7C4829629834}.Release|x86.Deploy.0 = Release|Win32
		{C5B5C648-B543-45C6-9F31-F184BE5A7018}.Debug|ARM.ActiveCfg = Debug|Win32
		{C5B5C648-B543-45C6-9F31-F184BE5A7018}.Debug|ARM64.ActiveCfg = Debug|Win32
		{C5B5C648-B543-45C6-9F31-F184BE5A7018}.Debug|x64.ActiveCfg = Debug|x64
		{C5B5C648-B543-45C6-9F31-F184BE5A7018}.Debug|x64.Build.0 = Debug|x64
		{C5B5C648-B543-45C6-9F31-F184BE5A7018}.Debug|x86.ActiveCfg = Debug|Win32
		{C5B5C648-B543-45C6-9F31-F184BE5A7018}.Debug|x86.Build.0 = Debug|Win32
		{C5B5C648-B543-45C6-9F31-F184BE5A7018}.Release|ARM.ActiveCfg = Release|Win32
		{C5B5C648-B543-45C6-9F31-F184BE5A7018}.Release|ARM64.ActiveCfg = Release|Win32
		{C5B5C648-B543-45C6-9F31-F184BE5A7018}.Release|x64.ActiveCfg = Release|x64
		{C5B5C648-B543-45C6-9F31-F184BE5A7018}.Release|x64.Build.0 = Release|x64
		{C5B5C648-B543-45C6-9F31-F184BE5A7018}.Release|x86.ActiveCfg = Release|Win32
		{C5B5C648-B543-45C6-9F31-F184BE5A7018}.Release|x86.Build.0 = Release|Win32
	EndGlobalSection
	GlobalSection(SolutionProperties) = preSolution
		HideSolutionNode = FALSE
	EndGlobalSection
	GlobalSection(ExtensibilityGlobals) = postSolution
		SolutionGuid = {481FB1B9-B6BA-419E-A076-AED3B41EC4F6}
	EndGlobalSection
EndGlobal
